
Microsoft Visual Studio Solution File, Format Version 11.00
# Visual Studio 2010
Project("{FAE04EC0-301F-11D3-BF4B-00C04F79EFBC}") = "1411170dd57d94018a6238676890b18a", "Assembly-CSharp.csproj", "{2544FFDF-50D7-F4E8-07A4-CA67B1D8ED98}"
EndProject
Project("{FAE04EC0-301F-11D3-BF4B-00C04F79EFBC}") = "1411170dd57d94018a6238676890b18a", "Assembly-CSharp-Editor.csproj", "{9DD298C6-35D9-62A1-CF1D-1675B6D6739F}"
EndProject
Global
	GlobalSection(SolutionConfigurationPlatforms) = preSolution
		Debug|Any CPU = Debug|Any CPU
		Release|Any CPU = Release|Any CPU
	EndGlobalSection
	GlobalSection(ProjectConfigurationPlatforms) = postSolution
		{2544FFDF-50D7-F4E8-07A4-CA67B1D8ED98}.Debug|Any CPU.ActiveCfg = Debug|Any CPU
		{2544FFDF-50D7-F4E8-07A4-CA67B1D8ED98}.Debug|Any CPU.Build.0 = Debug|Any CPU
		{2544FFDF-50D7-F4E8-07A4-CA67B1D8ED98}.Release|Any CPU.ActiveCfg = Release|Any CPU
		{2544FFDF-50D7-F4E8-07A4-CA67B1D8ED98}.Release|Any CPU.Build.0 = Release|Any CPU
		{9DD298C6-35D9-62A1-CF1D-1675B6D6739F}.Debug|Any CPU.ActiveCfg = Debug|Any CPU
		{9DD298C6-35D9-62A1-CF1D-1675B6D6739F}.Debug|Any CPU.Build.0 = Debug|Any CPU
		{9DD298C6-35D9-62A1-CF1D-1675B6D6739F}.Release|Any CPU.ActiveCfg = Release|Any CPU
		{9DD298C6-35D9-62A1-CF1D-1675B6D6739F}.Release|Any CPU.Build.0 = Release|Any CPU
	EndGlobalSection
	GlobalSection(SolutionProperties) = preSolution
		HideSolutionNode = FALSE
	EndGlobalSection
	GlobalSection(MonoDevelopProperties) = preSolution
		StartupItem = Assembly-CSharp.csproj
	EndGlobalSection
EndGlobal
